
Microsoft Visual Studio Solution File, Format Version 12.00
# Visual Studio Version 17
VisualStudioVersion = 17.5.33516.290
MinimumVisualStudioVersion = 10.0.40219.1
Project("{FAE04EC0-301F-11D3-BF4B-00C04F79EFBC}") = "SmartWatchManager", "SmartWatchManager\SmartWatchManager.csproj", "{C6486F4D-6477-4D54-9B7B-46165AE39E55}"
EndProject
Global
	GlobalSection(SolutionConfigurationPlatforms) = preSolution
		Debug|Any CPU = Debug|Any CPU
		Release|Any CPU = Release|Any CPU
	EndGlobalSection
	GlobalSection(ProjectConfigurationPlatforms) = postSolution
		{C6486F4D-6477-4D54-9B7B-46165AE39E55}.Debug|Any CPU.ActiveCfg = Debug|Any CPU
		{C6486F4D-6477-4D54-9B7B-46165AE39E55}.Debug|Any CPU.Build.0 = Debug|Any CPU
		{C6486F4D-6477-4D54-9B7B-46165AE39E55}.Release|Any CPU.ActiveCfg = Release|Any CPU
		{C6486F4D-6477-4D54-9B7B-46165AE39E55}.Release|Any CPU.Build.0 = Release|Any CPU
	EndGlobalSection
	GlobalSection(SolutionProperties) = preSolution
		HideSolutionNode = FALSE
	EndGlobalSection
	GlobalSection(ExtensibilityGlobals) = postSolution
		SolutionGuid = {38E8058B-4759-4701-A519-876AEAF6FF5E}
	EndGlobalSection
EndGlobal
